
Microsoft Visual Studio Solution File, Format Version 12.00
# Visual Studio Version 17
VisualStudioVersion = 17.3.32929.385
MinimumVisualStudioVersion = 10.0.40219.1
Project("{FAE04EC0-301F-11D3-BF4B-00C04F79EFBC}") = "ValorantCheat", "ValorantCheat\ValorantCheat.csproj", "{8E87B00C-F766-4C2D-86FA-F1E55E72FC89}"
EndProject
Global
	GlobalSection(SolutionConfigurationPlatforms) = preSolution
		Debug|Any CPU = Debug|Any CPU
		Release|Any CPU = Release|Any CPU
	EndGlobalSection
	GlobalSection(ProjectConfigurationPlatforms) = postSolution
		{8E87B00C-F766-4C2D-86FA-F1E55E72FC89}.Debug|Any CPU.ActiveCfg = Debug|Any CPU
		{8E87B00C-F766-4C2D-86FA-F1E55E72FC89}.Debug|Any CPU.Build.0 = Debug|Any CPU
		{8E87B00C-F766-4C2D-86FA-F1E55E72FC89}.Release|Any CPU.ActiveCfg = Release|Any CPU
		{8E87B00C-F766-4C2D-86FA-F1E55E72FC89}.Release|Any CPU.Build.0 = Release|Any CPU
	EndGlobalSection
	GlobalSection(SolutionProperties) = preSolution
		HideSolutionNode = FALSE
	EndGlobalSection
	GlobalSection(ExtensibilityGlobals) = postSolution
		SolutionGuid = {6BE0FE35-5CDE-47D1-AB37-942667B46E67}
	EndGlobalSection
EndGlobal
